
Microsoft Visual Studio Solution File, Format Version 12.00
# Visual Studio 2012
Project("{FAE04EC0-301F-11D3-BF4B-00C04F79EFBC}") = "Server", "Server\Server.csproj", "{B405DEF9-326F-4B01-B5FA-584CE7B5A513}"
EndProject
Project("{FAE04EC0-301F-11D3-BF4B-00C04F79EFBC}") = "ES", "ES\ES.csproj", "{2D6DB1D8-4AB1-4768-9A88-3C3BDC1062C9}"
EndProject
Project("{2150E333-8FDC-42A3-9474-1A3956D46DE8}") = "plugins", "plugins", "{1DD8FCEB-A0FE-4455-AAE2-3980DEBC12E2}"
EndProject
Project("{FAE04EC0-301F-11D3-BF4B-00C04F79EFBC}") = "MQTT_SN", "plugins\MQTT_SN\MQTT_SN.csproj", "{B8C22288-5608-46DA-939D-000D9D52492C}"
EndProject
Project("{FAE04EC0-301F-11D3-BF4B-00C04F79EFBC}") = "MQTT", "plugins\MQTT\MQTT.csproj", "{3A15F115-682E-474F-B682-F4A9E8B7DB9D}"
EndProject
Project("{2150E333-8FDC-42A3-9474-1A3956D46DE8}") = "Solution Items", "Solution Items", "{7E70AF12-718E-4EFB-AD77-A0CD94A2EC6C}"
	ProjectSection(SolutionItems) = preProject
		data\base.xst = data\base.xst
	EndProjectSection
EndProject
Project("{FAE04EC0-301F-11D3-BF4B-00C04F79EFBC}") = "Tests", "Tests\Tests.csproj", "{E0D7DE35-9635-4F58-8D43-EF191363AB84}"
EndProject
Project("{FAE04EC0-301F-11D3-BF4B-00C04F79EFBC}") = "Logram", "plugins\Logram\Logram.csproj", "{61FCBADD-489E-4493-92D5-B607F28C25AC}"
EndProject
Global
	GlobalSection(SolutionConfigurationPlatforms) = preSolution
		Debug|Any CPU = Debug|Any CPU
		Release|Any CPU = Release|Any CPU
	EndGlobalSection
	GlobalSection(ProjectConfigurationPlatforms) = postSolution
		{B405DEF9-326F-4B01-B5FA-584CE7B5A513}.Debug|Any CPU.ActiveCfg = Debug|Any CPU
		{B405DEF9-326F-4B01-B5FA-584CE7B5A513}.Debug|Any CPU.Build.0 = Debug|Any CPU
		{B405DEF9-326F-4B01-B5FA-584CE7B5A513}.Release|Any CPU.ActiveCfg = Release|Any CPU
		{B405DEF9-326F-4B01-B5FA-584CE7B5A513}.Release|Any CPU.Build.0 = Release|Any CPU
		{2D6DB1D8-4AB1-4768-9A88-3C3BDC1062C9}.Debug|Any CPU.ActiveCfg = Debug|Any CPU
		{2D6DB1D8-4AB1-4768-9A88-3C3BDC1062C9}.Release|Any CPU.ActiveCfg = Release|Any CPU
		{2D6DB1D8-4AB1-4768-9A88-3C3BDC1062C9}.Release|Any CPU.Build.0 = Release|Any CPU
		{B8C22288-5608-46DA-939D-000D9D52492C}.Debug|Any CPU.ActiveCfg = Debug|Any CPU
		{B8C22288-5608-46DA-939D-000D9D52492C}.Release|Any CPU.ActiveCfg = Release|Any CPU
		{B8C22288-5608-46DA-939D-000D9D52492C}.Release|Any CPU.Build.0 = Release|Any CPU
		{3A15F115-682E-474F-B682-F4A9E8B7DB9D}.Debug|Any CPU.ActiveCfg = Debug|Any CPU
		{3A15F115-682E-474F-B682-F4A9E8B7DB9D}.Debug|Any CPU.Build.0 = Debug|Any CPU
		{3A15F115-682E-474F-B682-F4A9E8B7DB9D}.Release|Any CPU.ActiveCfg = Release|Any CPU
		{3A15F115-682E-474F-B682-F4A9E8B7DB9D}.Release|Any CPU.Build.0 = Release|Any CPU
		{E0D7DE35-9635-4F58-8D43-EF191363AB84}.Debug|Any CPU.ActiveCfg = Debug|Any CPU
		{E0D7DE35-9635-4F58-8D43-EF191363AB84}.Release|Any CPU.ActiveCfg = Release|Any CPU
		{61FCBADD-489E-4493-92D5-B607F28C25AC}.Debug|Any CPU.ActiveCfg = Debug|Any CPU
		{61FCBADD-489E-4493-92D5-B607F28C25AC}.Debug|Any CPU.Build.0 = Debug|Any CPU
		{61FCBADD-489E-4493-92D5-B607F28C25AC}.Release|Any CPU.ActiveCfg = Release|Any CPU
		{61FCBADD-489E-4493-92D5-B607F28C25AC}.Release|Any CPU.Build.0 = Release|Any CPU
	EndGlobalSection
	GlobalSection(SolutionProperties) = preSolution
		HideSolutionNode = FALSE
	EndGlobalSection
	GlobalSection(NestedProjects) = preSolution
		{B8C22288-5608-46DA-939D-000D9D52492C} = {1DD8FCEB-A0FE-4455-AAE2-3980DEBC12E2}
		{3A15F115-682E-474F-B682-F4A9E8B7DB9D} = {1DD8FCEB-A0FE-4455-AAE2-3980DEBC12E2}
		{61FCBADD-489E-4493-92D5-B607F28C25AC} = {1DD8FCEB-A0FE-4455-AAE2-3980DEBC12E2}
	EndGlobalSection
EndGlobal
